{
  "lockfileVersion": 1,
  "configVersion": 1,
  "workspaces": {
    "": {
      "name": "kuro",
      "dependencies": {
        "@clack/prompts": "^0.8.2",
        "cron-parser": "^4.9.0",
        "picocolors": "^1.1.1",
      },
      "devDependencies": {
        "bun-types": "latest",
      },
    },
  },
  "packages": {
    "@clack/core": ["@clack/core@0.3.5", "", { "dependencies": { "picocolors": "^1.0.0", "sisteransi": "^1.0.5" } }, "sha512-5cfhQNH+1VQ2xLQlmzXMqUoiaH0lRBq9/CLW9lTyMbuKLC3+xEK01tHVvyut++mLOn5urSHmkm6I0Lg9MaJSTQ=="],

    "@clack/prompts": ["@clack/prompts@0.8.2", "", { "dependencies": { "@clack/core": "0.3.5", "picocolors": "^1.0.0", "sisteransi": "^1.0.5" } }, "sha512-6b9Ab2UiZwJYA9iMyboYyW9yJvAO9V753ZhS+DHKEjZRKAxPPOb7MXXu84lsPFG+vZt6FRFniZ8rXi+zCIw4yQ=="],

    "@types/node": ["@types/node@24.10.1", "", { "dependencies": { "undici-types": "~7.16.0" } }, "sha512-GNWcUTRBgIRJD5zj+Tq0fKOJ5XZajIiBroOF0yvj2bSU1WvNdYS/dn9UxwsujGW4JX06dnHyjV2y9rRaybH0iQ=="],

    "@types/react": ["@types/react@19.2.6", "", { "dependencies": { "csstype": "^3.2.2" } }, "sha512-p/jUvulfgU7oKtj6Xpk8cA2Y1xKTtICGpJYeJXz2YVO2UcvjQgeRMLDGfDeqeRW2Ta+0QNFwcc8X3GH8SxZz6w=="],

    "bun-types": ["bun-types@1.3.2", "", { "dependencies": { "@types/node": "*" }, "peerDependencies": { "@types/react": "^19" } }, "sha512-i/Gln4tbzKNuxP70OWhJRZz1MRfvqExowP7U6JKoI8cntFrtxg7RJK3jvz7wQW54UuvNC8tbKHHri5fy74FVqg=="],

    "cron-parser": ["cron-parser@4.9.0", "", { "dependencies": { "luxon": "^3.2.1" } }, "sha512-p0SaNjrHOnQeR8/VnfGbmg9te2kfyYSQ7Sc/j/6DtPL3JQvKxmjO9TSjNFpujqV3vEYYBvNNvXSxzyksBWAx1Q=="],

    "csstype": ["csstype@3.2.3", "", {}, "sha512-z1HGKcYy2xA8AGQfwrn0PAy+PB7X/GSj3UVJW9qKyn43xWa+gl5nXmU4qqLMRzWVLFC8KusUX8T/0kCiOYpAIQ=="],

    "luxon": ["luxon@3.7.2", "", {}, "sha512-vtEhXh/gNjI9Yg1u4jX/0YVPMvxzHuGgCm6tC5kZyb08yjGWGnqAjGJvcXbqQR2P3MyMEFnRbpcdFS6PBcLqew=="],

    "picocolors": ["picocolors@1.1.1", "", {}, "sha512-xceH2snhtb5M9liqDsmEw56le376mTZkEX/jEb/RxNFyegNul7eNslCXP9FDj/Lcu0X8KEyMceP2ntpaHrDEVA=="],

    "sisteransi": ["sisteransi@1.0.5", "", {}, "sha512-bLGGlR1QxBcynn2d5YmDX4MGjlZvy2MRBDRNHLJ8VI6l6+9FUiyTFNJ0IveOSP0bcXgVDPRcfGqA0pjaqUpfVg=="],

    "undici-types": ["undici-types@7.16.0", "", {}, "sha512-Zz+aZWSj8LE6zoxD+xrjh4VfkIG8Ya6LvYkZqtUQGJPZjYl53ypCaUwWqo7eI0x66KBGeRo+mlBEkMSeSZ38Nw=="],
  }
}
